
Microsoft Visual Studio Solution File, Format Version 12.00
# Visual Studio Version 16
VisualStudioVersion = 16.0.31205.134
MinimumVisualStudioVersion = 10.0.40219.1
Project("{9A19103F-16F7-4668-BE54-9A1E7A4F7556}") = "AirDrop", "AirDrop\AirDrop.csproj", "{4E89DFD9-ECE0-4FEF-A959-1D864129CB10}"
EndProject
Project("{9A19103F-16F7-4668-BE54-9A1E7A4F7556}") = "AirDropML.Model", "AirDropML.Model\AirDropML.Model.csproj", "{72FA19AC-4B61-44E0-9BC8-CF6DD902F7D7}"
EndProject
Project("{9A19103F-16F7-4668-BE54-9A1E7A4F7556}") = "AirDropML.ConsoleApp", "AirDropML.ConsoleApp\AirDropML.ConsoleApp.csproj", "{4B2C8F1F-73E0-4225-A4CF-8E1B85A34E82}"
EndProject
Global
	GlobalSection(SolutionConfigurationPlatforms) = preSolution
		Debug|Any CPU = Debug|Any CPU
		Release|Any CPU = Release|Any CPU
	EndGlobalSection
	GlobalSection(ProjectConfigurationPlatforms) = postSolution
		{4E89DFD9-ECE0-4FEF-A959-1D864129CB10}.Debug|Any CPU.ActiveCfg = Debug|Any CPU
		{4E89DFD9-ECE0-4FEF-A959-1D864129CB10}.Debug|Any CPU.Build.0 = Debug|Any CPU
		{4E89DFD9-ECE0-4FEF-A959-1D864129CB10}.Release|Any CPU.ActiveCfg = Release|Any CPU
		{4E89DFD9-ECE0-4FEF-A959-1D864129CB10}.Release|Any CPU.Build.0 = Release|Any CPU
		{72FA19AC-4B61-44E0-9BC8-CF6DD902F7D7}.Debug|Any CPU.ActiveCfg = Debug|Any CPU
		{72FA19AC-4B61-44E0-9BC8-CF6DD902F7D7}.Debug|Any CPU.Build.0 = Debug|Any CPU
		{72FA19AC-4B61-44E0-9BC8-CF6DD902F7D7}.Release|Any CPU.ActiveCfg = Release|Any CPU
		{72FA19AC-4B61-44E0-9BC8-CF6DD902F7D7}.Release|Any CPU.Build.0 = Release|Any CPU
		{4B2C8F1F-73E0-4225-A4CF-8E1B85A34E82}.Debug|Any CPU.ActiveCfg = Debug|Any CPU
		{4B2C8F1F-73E0-4225-A4CF-8E1B85A34E82}.Debug|Any CPU.Build.0 = Debug|Any CPU
		{4B2C8F1F-73E0-4225-A4CF-8E1B85A34E82}.Release|Any CPU.ActiveCfg = Release|Any CPU
		{4B2C8F1F-73E0-4225-A4CF-8E1B85A34E82}.Release|Any CPU.Build.0 = Release|Any CPU
	EndGlobalSection
	GlobalSection(SolutionProperties) = preSolution
		HideSolutionNode = FALSE
	EndGlobalSection
	GlobalSection(ExtensibilityGlobals) = postSolution
		SolutionGuid = {71D88A2F-2AAF-4422-BC60-D64440125846}
	EndGlobalSection
EndGlobal
